<?xml version="1.0" encoding="utf-8"?>
<Project ToolsVersion="4.0" xmlns="http://schemas.microsoft.com/developer/msbuild/2003">
  <ItemGroup>
    <Filter Include="Common">
      <UniqueIdentifier>6b3a9f66-518f-472a-960b-454711d6ee5b</UniqueIdentifier>
    </Filter>
    <Filter Include="Assets">
      <UniqueIdentifier>305cfd3f-bb57-4e1f-b131-e45df4d323fb</UniqueIdentifier>
      <Extensions>ico;cur;bmp;dds;dlg;fbx;rct;bin;rgs;gif;jpg;jpeg;jpe;resx;tga;tiff;tif;png;wav;mfcribbon-ms</Extensions>
    </Filter>
    <Filter Include="Game">
      <UniqueIdentifier>{fc7fcf1f-222c-4d14-8424-868572e5eeda}</UniqueIdentifier>
    </Filter>
    <Filter Include="Game\PlayScene">
      <UniqueIdentifier>{43e115e2-8b60-43a0-952b-78dc9914c439}</UniqueIdentifier>
    </Filter>
    <Filter Include="Game\TitleScene">
      <UniqueIdentifier>{82457628-7c47-4e1a-b66b-f7c31c8520d4}</UniqueIdentifier>
    </Filter>
    <Filter Include="Libraries">
      <UniqueIdentifier>{4815bf3b-80b6-4d50-b582-332fd26fac9b}</UniqueIdentifier>
    </Filter>
    <Filter Include="Libraries\MyLibraries">
      <UniqueIdentifier>{811c2a07-d587-445e-9410-603255c1846d}</UniqueIdentifier>
    </Filter>
    <Filter Include="Resources">
      <UniqueIdentifier>{20bda224-49e4-4621-bbd2-d3720eb4e2a5}</UniqueIdentifier>
    </Filter>
    <Filter Include="Resources\Textures">
      <UniqueIdentifier>{a7088ee9-fd00-4d18-b3f2-71b96f0dc9c8}</UniqueIdentifier>
    </Filter>
    <Filter Include="Resources\Fonts">
      <UniqueIdentifier>{eea3c579-7cc7-4e3d-b495-74ec5c148a13}</UniqueIdentifier>
    </Filter>
    <Filter Include="Resources\Icon">
      <UniqueIdentifier>{e17ffd14-7217-4e09-89a0-685e2df92d2e}</UniqueIdentifier>
    </Filter>
    <Filter Include="Resources\Models">
      <UniqueIdentifier>{89530e9a-e668-4911-9f24-e91850b1f232}</UniqueIdentifier>
    </Filter>
    <Filter Include="Game\PlayScene\Actor">
      <UniqueIdentifier>{8aab299f-30b8-4a2f-bf62-94d009d53e68}</UniqueIdentifier>
    </Filter>
    <Filter Include="Game\PlayScene\Player">
      <UniqueIdentifier>{bd191b7d-5e47-4d42-b607-d1966b7707ad}</UniqueIdentifier>
    </Filter>
    <Filter Include="Game\PlayScene\Obstacle">
      <UniqueIdentifier>{57ce7d58-fd02-40dc-9535-bb7ffed8268f}</UniqueIdentifier>
    </Filter>
    <Filter Include="Game\PlayScene\Stage">
      <UniqueIdentifier>{09373fca-4399-4850-bf80-90f38b39138b}</UniqueIdentifier>
    </Filter>
    <Filter Include="Game\PlayScene\Item">
      <UniqueIdentifier>{8019c98a-4790-4474-a044-67fb6114e7a9}</UniqueIdentifier>
    </Filter>
    <Filter Include="Game\PlayScene\AABBfor3D">
      <UniqueIdentifier>{1dfa75b9-9eb2-49a1-88cb-d7dbe27b6480}</UniqueIdentifier>
    </Filter>
    <Filter Include="Game\ResultScene">
      <UniqueIdentifier>{e24428fa-369d-4606-ad2e-7e60450c0469}</UniqueIdentifier>
    </Filter>
    <Filter Include="Game\LoadingScreen">
      <UniqueIdentifier>{c777e2e7-8bc3-4b7e-9466-87b7a758203d}</UniqueIdentifier>
    </Filter>
    <Filter Include="Libraries\AXD2">
      <UniqueIdentifier>{8b76501b-4468-4a66-a212-25a6d47436c7}</UniqueIdentifier>
    </Filter>
    <Filter Include="Helpers">
      <UniqueIdentifier>{0184e31e-088f-4cbd-9a39-35ad8bbfea87}</UniqueIdentifier>
    </Filter>
    <Filter Include="Game\Shader">
      <UniqueIdentifier>{e1b0122f-b521-464f-b7a4-b05940b43e84}</UniqueIdentifier>
    </Filter>
    <Filter Include="Game\Shader\HLSL">
      <UniqueIdentifier>{dfa45790-4584-45e3-8b98-b99d56e3036c}</UniqueIdentifier>
    </Filter>
    <Filter Include="Game\PlayScene\Obstacle\ObstacelBhaviors">
      <UniqueIdentifier>{82714bdc-6f91-4b5b-a6a0-10cfbb4e804d}</UniqueIdentifier>
    </Filter>
    <Filter Include="Game\PlayScene\Obstacle\ObstacleSpawners">
      <UniqueIdentifier>{f7862f8c-46a6-476b-9a83-4be2821daa3c}</UniqueIdentifier>
    </Filter>
    <Filter Include="Game\PlayScene\Stage\StageBahviors">
      <UniqueIdentifier>{12c9c9d9-f7d6-42f7-afcf-4400877f2796}</UniqueIdentifier>
    </Filter>
    <Filter Include="Libraries\Json">
      <UniqueIdentifier>{2a47e6da-e9c9-491b-951e-70dd21ed8af3}</UniqueIdentifier>
    </Filter>
  </ItemGroup>
  <ItemGroup>
    <ClInclude Include="pch.h" />
    <ClInclude Include="Game.h" />
    <ClInclude Include="StepTimer.h">
      <Filter>Common</Filter>
    </ClInclude>
    <ClInclude Include="DeviceResources.h">
      <Filter>Common</Filter>
    </ClInclude>
    <ClInclude Include="Game\GameMain.h">
      <Filter>Game</Filter>
    </ClInclude>
    <ClInclude Include="Game\IScene.h">
      <Filter>Game</Filter>
    </ClInclude>
    <ClInclude Include="Game\PlayScene\PlayScene.h">
      <Filter>Game\PlayScene</Filter>
    </ClInclude>
    <ClInclude Include="Game\TitleScene\TitleScene.h">
      <Filter>Game\TitleScene</Filter>
    </ClInclude>
    <ClInclude Include="Libraries\MyLibraries\DebugCamera.h">
      <Filter>Libraries\MyLibraries</Filter>
    </ClInclude>
    <ClInclude Include="Libraries\MyLibraries\GridFloor.h">
      <Filter>Libraries\MyLibraries</Filter>
    </ClInclude>
    <ClInclude Include="Libraries\MyLibraries\Camera.h">
      <Filter>Libraries\MyLibraries</Filter>
    </ClInclude>
    <ClInclude Include="Resources\Icon\Icon.h">
      <Filter>Resources\Icon</Filter>
    </ClInclude>
    <ClInclude Include="Game\PlayScene\IBehavior.h">
      <Filter>Game\PlayScene</Filter>
    </ClInclude>
    <ClInclude Include="Game\PlayScene\ISpawner.h">
      <Filter>Game\PlayScene</Filter>
    </ClInclude>
    <ClInclude Include="Game\PlayScene\Actor\Actor.h">
      <Filter>Game\PlayScene\Actor</Filter>
    </ClInclude>
    <ClInclude Include="Game\PlayScene\Item\Item.h">
      <Filter>Game\PlayScene\Item</Filter>
    </ClInclude>
    <ClInclude Include="Game\PlayScene\Item\ItemManeger.h">
      <Filter>Game\PlayScene\Item</Filter>
    </ClInclude>
    <ClInclude Include="Game\PlayScene\Obstacle\Obstacle.h">
      <Filter>Game\PlayScene\Obstacle</Filter>
    </ClInclude>
    <ClInclude Include="Game\PlayScene\Obstacle\ObstacleManeger.h">
      <Filter>Game\PlayScene\Obstacle</Filter>
    </ClInclude>
    <ClInclude Include="Game\PlayScene\Player\Player.h">
      <Filter>Game\PlayScene\Player</Filter>
    </ClInclude>
    <ClInclude Include="Game\PlayScene\Stage\Stage.h">
      <Filter>Game\PlayScene\Stage</Filter>
    </ClInclude>
    <ClInclude Include="Game\PlayScene\AABBFor3D\AABBFor3D.h">
      <Filter>Game\PlayScene\AABBfor3D</Filter>
    </ClInclude>
    <ClInclude Include="Game\PlayScene\Item\ItemSpawner.h">
      <Filter>Game\PlayScene\Item</Filter>
    </ClInclude>
    <ClInclude Include="Game\PlayScene\MyRandom.h">
      <Filter>Game\PlayScene</Filter>
    </ClInclude>
    <ClInclude Include="Game\ResultScene\ResultScene.h">
      <Filter>Game\ResultScene</Filter>
    </ClInclude>
    <ClInclude Include="Game\PlayScene\ShadowMap.h">
      <Filter>Game\PlayScene</Filter>
    </ClInclude>
    <ClInclude Include="Game\LoadingScreen\LoadingScreen.h">
      <Filter>Game\LoadingScreen</Filter>
    </ClInclude>
    <ClInclude Include="Libraries\AXD2\Adx2.h">
      <Filter>Libraries\AXD2</Filter>
    </ClInclude>
    <ClInclude Include="Libraries\MyLibraries\Singleton.h">
      <Filter>Libraries\MyLibraries</Filter>
    </ClInclude>
    <ClInclude Include="Game\PlayScene\Objects.h">
      <Filter>Game\PlayScene</Filter>
    </ClInclude>
    <ClInclude Include="Game\PlayScene\Stage\StageManager.h">
      <Filter>Game\PlayScene\Stage</Filter>
    </ClInclude>
    <ClInclude Include="Game\PlayScene\AliveTimer.h">
      <Filter>Game\PlayScene</Filter>
    </ClInclude>
    <ClInclude Include="Helpers\CueSheet_0.h">
      <Filter>Helpers</Filter>
    </ClInclude>
    <ClInclude Include="Helpers\DODGESound_acf.h">
      <Filter>Helpers</Filter>
    </ClInclude>
    <ClInclude Include="Game\Shader\Fade.h">
      <Filter>Game\Shader</Filter>
    </ClInclude>
    <ClInclude Include="Game\PlayScene\Obstacle\ObstacelBhaviors\BirdBehavior.h">
      <Filter>Game\PlayScene\Obstacle\ObstacelBhaviors</Filter>
    </ClInclude>
    <ClInclude Include="Game\PlayScene\Obstacle\ObstacelBhaviors\MeteoriteBehavior.h">
      <Filter>Game\PlayScene\Obstacle\ObstacelBhaviors</Filter>
    </ClInclude>
    <ClInclude Include="Game\PlayScene\Obstacle\ObstacelBhaviors\NormalBehavior.h">
      <Filter>Game\PlayScene\Obstacle\ObstacelBhaviors</Filter>
    </ClInclude>
    <ClInclude Include="Game\PlayScene\Obstacle\ObstacelBhaviors\ReverseRotateStickBehavior.h">
      <Filter>Game\PlayScene\Obstacle\ObstacelBhaviors</Filter>
    </ClInclude>
    <ClInclude Include="Game\PlayScene\Obstacle\ObstacelBhaviors\RotateStickBehavior.h">
      <Filter>Game\PlayScene\Obstacle\ObstacelBhaviors</Filter>
    </ClInclude>
    <ClInclude Include="Game\PlayScene\Obstacle\ObstacelBhaviors\StickBehavior.h">
      <Filter>Game\PlayScene\Obstacle\ObstacelBhaviors</Filter>
    </ClInclude>
    <ClInclude Include="Game\PlayScene\Obstacle\ObstacelBhaviors\MeanderingeBehavior.h">
      <Filter>Game\PlayScene\Obstacle\ObstacelBhaviors</Filter>
    </ClInclude>
    <ClInclude Include="Game\Shader\BinaryFile.h">
      <Filter>Game\Shader</Filter>
    </ClInclude>
    <ClInclude Include="Game\Shader\FireEffectManager.h">
      <Filter>Game\Shader</Filter>
    </ClInclude>
    <ClInclude Include="Game\Shader\FireShader.h">
      <Filter>Game\Shader</Filter>
    </ClInclude>
    <ClInclude Include="Game\PlayScene\Obstacle\ObstacleSpawners\MeanderingObstacleSpawner.h">
      <Filter>Game\PlayScene\Obstacle\ObstacleSpawners</Filter>
    </ClInclude>
    <ClInclude Include="Game\PlayScene\Obstacle\ObstacleSpawners\MeteoriteObstacleSpawner.h">
      <Filter>Game\PlayScene\Obstacle\ObstacleSpawners</Filter>
    </ClInclude>
    <ClInclude Include="Game\PlayScene\Obstacle\ObstacleSpawners\NormalObstacleSpawner.h">
      <Filter>Game\PlayScene\Obstacle\ObstacleSpawners</Filter>
    </ClInclude>
    <ClInclude Include="Game\PlayScene\Obstacle\ObstacleSpawners\ReverseRotateStickObstacleSpawner.h">
      <Filter>Game\PlayScene\Obstacle\ObstacleSpawners</Filter>
    </ClInclude>
    <ClInclude Include="Game\PlayScene\Obstacle\ObstacleSpawners\RotateStickObstacleSpawner.h">
      <Filter>Game\PlayScene\Obstacle\ObstacleSpawners</Filter>
    </ClInclude>
    <ClInclude Include="Game\PlayScene\Obstacle\ObstacleSpawners\StickObstacleSpawner.h">
      <Filter>Game\PlayScene\Obstacle\ObstacleSpawners</Filter>
    </ClInclude>
    <ClInclude Include="Game\PlayScene\Obstacle\ObstacleSpawners\BirdObstacleSpawner.h">
      <Filter>Game\PlayScene\Obstacle\ObstacleSpawners</Filter>
    </ClInclude>
    <ClInclude Include="Game\PlayScene\Blink.h">
      <Filter>Game\PlayScene</Filter>
    </ClInclude>
    <ClInclude Include="Game\PlayScene\Stage\StageBahviors\FirstFloorToFallBhavior.h">
      <Filter>Game\PlayScene\Stage\StageBahviors</Filter>
    </ClInclude>
    <ClInclude Include="Game\PlayScene\Stage\StageBahviors\SecondFloorToFallBhavior.h">
      <Filter>Game\PlayScene\Stage\StageBahviors</Filter>
    </ClInclude>
    <ClInclude Include="Game\PlayScene\Stage\StageBahviors\ThirdFloorToFallBhavior.h">
      <Filter>Game\PlayScene\Stage\StageBahviors</Filter>
    </ClInclude>
    <ClInclude Include="Libraries\Json\json.hpp">
      <Filter>Libraries\Json</Filter>
    </ClInclude>
  </ItemGroup>
  <ItemGroup>
    <ClCompile Include="pch.cpp" />
    <ClCompile Include="Game.cpp" />
    <ClCompile Include="Main.cpp" />
    <ClCompile Include="DeviceResources.cpp">
      <Filter>Common</Filter>
    </ClCompile>
    <ClCompile Include="Game\GameMain.cpp">
      <Filter>Game</Filter>
    </ClCompile>
    <ClCompile Include="Game\PlayScene\PlayScene.cpp">
      <Filter>Game\PlayScene</Filter>
    </ClCompile>
    <ClCompile Include="Game\TitleScene\TitleScene.cpp">
      <Filter>Game\TitleScene</Filter>
    </ClCompile>
    <ClCompile Include="Libraries\MyLibraries\DebugCamera.cpp">
      <Filter>Libraries\MyLibraries</Filter>
    </ClCompile>
    <ClCompile Include="Libraries\MyLibraries\GridFloor.cpp">
      <Filter>Libraries\MyLibraries</Filter>
    </ClCompile>
    <ClCompile Include="Libraries\MyLibraries\Camera.cpp">
      <Filter>Libraries\MyLibraries</Filter>
    </ClCompile>
    <ClCompile Include="Game\PlayScene\IBehavior.cpp">
      <Filter>Game\PlayScene</Filter>
    </ClCompile>
    <ClCompile Include="Game\PlayScene\ISpawner.cpp">
      <Filter>Game\PlayScene</Filter>
    </ClCompile>
    <ClCompile Include="Game\PlayScene\Actor\Actor.cpp">
      <Filter>Game\PlayScene\Actor</Filter>
    </ClCompile>
    <ClCompile Include="Game\PlayScene\Item\Item.cpp">
      <Filter>Game\PlayScene\Item</Filter>
    </ClCompile>
    <ClCompile Include="Game\PlayScene\Item\ItemManeger.cpp">
      <Filter>Game\PlayScene\Item</Filter>
    </ClCompile>
    <ClCompile Include="Game\PlayScene\Obstacle\Obstacle.cpp">
      <Filter>Game\PlayScene\Obstacle</Filter>
    </ClCompile>
    <ClCompile Include="Game\PlayScene\Obstacle\ObstacleManeger.cpp">
      <Filter>Game\PlayScene\Obstacle</Filter>
    </ClCompile>
    <ClCompile Include="Game\PlayScene\Player\Player.cpp">
      <Filter>Game\PlayScene\Player</Filter>
    </ClCompile>
    <ClCompile Include="Game\PlayScene\Stage\Stage.cpp">
      <Filter>Game\PlayScene\Stage</Filter>
    </ClCompile>
    <ClCompile Include="Game\PlayScene\AABBFor3D\AABBFor3D.cpp">
      <Filter>Game\PlayScene\AABBfor3D</Filter>
    </ClCompile>
    <ClCompile Include="Game\PlayScene\Item\ItemSpawner.cpp">
      <Filter>Game\PlayScene\Item</Filter>
    </ClCompile>
    <ClCompile Include="Game\PlayScene\MyRandom.cpp">
      <Filter>Game\PlayScene</Filter>
    </ClCompile>
    <ClCompile Include="Game\ResultScene\ResultScene.cpp">
      <Filter>Game\ResultScene</Filter>
    </ClCompile>
    <ClCompile Include="Game\PlayScene\ShadowMap.cpp">
      <Filter>Game\PlayScene</Filter>
    </ClCompile>
    <ClCompile Include="Game\LoadingScreen\LoadingScreen.cpp">
      <Filter>Game\LoadingScreen</Filter>
    </ClCompile>
    <ClCompile Include="Libraries\AXD2\Adx2.cpp">
      <Filter>Libraries\AXD2</Filter>
    </ClCompile>
    <ClCompile Include="Game\PlayScene\Stage\StageManager.cpp">
      <Filter>Game\PlayScene\Stage</Filter>
    </ClCompile>
    <ClCompile Include="Game\PlayScene\AliveTimer.cpp">
      <Filter>Game\PlayScene</Filter>
    </ClCompile>
    <ClCompile Include="Game\Shader\Fade.cpp">
      <Filter>Game\Shader</Filter>
    </ClCompile>
    <ClCompile Include="Game\PlayScene\Obstacle\ObstacelBhaviors\BirdBehavior.cpp">
      <Filter>Game\PlayScene\Obstacle\ObstacelBhaviors</Filter>
    </ClCompile>
    <ClCompile Include="Game\PlayScene\Obstacle\ObstacelBhaviors\MeteoriteBehavior.cpp">
      <Filter>Game\PlayScene\Obstacle\ObstacelBhaviors</Filter>
    </ClCompile>
    <ClCompile Include="Game\PlayScene\Obstacle\ObstacelBhaviors\NormalBehavior.cpp">
      <Filter>Game\PlayScene\Obstacle\ObstacelBhaviors</Filter>
    </ClCompile>
    <ClCompile Include="Game\PlayScene\Obstacle\ObstacelBhaviors\ReverseRotateStickBehavior.cpp">
      <Filter>Game\PlayScene\Obstacle\ObstacelBhaviors</Filter>
    </ClCompile>
    <ClCompile Include="Game\PlayScene\Obstacle\ObstacelBhaviors\RotateStickBehavior.cpp">
      <Filter>Game\PlayScene\Obstacle\ObstacelBhaviors</Filter>
    </ClCompile>
    <ClCompile Include="Game\PlayScene\Obstacle\ObstacelBhaviors\StickBehavior.cpp">
      <Filter>Game\PlayScene\Obstacle\ObstacelBhaviors</Filter>
    </ClCompile>
    <ClCompile Include="Game\PlayScene\Obstacle\ObstacelBhaviors\MeanderingeBehavior.cpp">
      <Filter>Game\PlayScene\Obstacle\ObstacelBhaviors</Filter>
    </ClCompile>
    <ClCompile Include="Game\Shader\BinaryFile.cpp">
      <Filter>Game\Shader</Filter>
    </ClCompile>
    <ClCompile Include="Game\Shader\FireEffectManager.cpp">
      <Filter>Game\Shader</Filter>
    </ClCompile>
    <ClCompile Include="Game\Shader\FireShader.cpp">
      <Filter>Game\Shader</Filter>
    </ClCompile>
    <ClCompile Include="Game\PlayScene\Obstacle\ObstacleSpawners\MeteoriteObstacleSpawner.cpp">
      <Filter>Game\PlayScene\Obstacle\ObstacleSpawners</Filter>
    </ClCompile>
    <ClCompile Include="Game\PlayScene\Obstacle\ObstacleSpawners\NormalObstacleSpawner.cpp">
      <Filter>Game\PlayScene\Obstacle\ObstacleSpawners</Filter>
    </ClCompile>
    <ClCompile Include="Game\PlayScene\Obstacle\ObstacleSpawners\ReverseRotateStickObstacleSpawner .cpp">
      <Filter>Game\PlayScene\Obstacle\ObstacleSpawners</Filter>
    </ClCompile>
    <ClCompile Include="Game\PlayScene\Obstacle\ObstacleSpawners\RotateStickObstacleSpawner.cpp">
      <Filter>Game\PlayScene\Obstacle\ObstacleSpawners</Filter>
    </ClCompile>
    <ClCompile Include="Game\PlayScene\Obstacle\ObstacleSpawners\StickObstacleSpawner.cpp">
      <Filter>Game\PlayScene\Obstacle\ObstacleSpawners</Filter>
    </ClCompile>
    <ClCompile Include="Game\PlayScene\Obstacle\ObstacleSpawners\BirdObstacleSpawner.cpp">
      <Filter>Game\PlayScene\Obstacle\ObstacleSpawners</Filter>
    </ClCompile>
    <ClCompile Include="Game\PlayScene\Obstacle\ObstacleSpawners\MeanderingObstacleSpawner.cpp">
      <Filter>Game\PlayScene\Obstacle\ObstacleSpawners</Filter>
    </ClCompile>
    <ClCompile Include="Game\PlayScene\Blink.cpp">
      <Filter>Game\PlayScene</Filter>
    </ClCompile>
    <ClCompile Include="Game\PlayScene\Stage\StageBahviors\FirstFloorToFallBhavior.cpp">
      <Filter>Game\PlayScene\Stage\StageBahviors</Filter>
    </ClCompile>
    <ClCompile Include="Game\PlayScene\Stage\StageBahviors\SecondFloorToFallBhavior.cpp">
      <Filter>Game\PlayScene\Stage\StageBahviors</Filter>
    </ClCompile>
    <ClCompile Include="Game\PlayScene\Stage\StageBahviors\ThirdFloorToFallBhavior.cpp">
      <Filter>Game\PlayScene\Stage\StageBahviors</Filter>
    </ClCompile>
  </ItemGroup>
  <ItemGroup>
    <ResourceCompile Include="resource.rc" />
    <ResourceCompile Include="Resources\Icon\Icon.rc">
      <Filter>Resources\Icon</Filter>
    </ResourceCompile>
  </ItemGroup>
  <ItemGroup>
    <Image Include="directx.ico">
      <Filter>Assets</Filter>
    </Image>
    <Image Include="Resources\Textures\TridentLogo.png">
      <Filter>Resources\Textures</Filter>
    </Image>
    <Image Include="Resources\Icon\Icon.ico">
      <Filter>Resources\Icon</Filter>
    </Image>
  </ItemGroup>
  <ItemGroup>
    <Manifest Include="settings.manifest">
      <Filter>Assets</Filter>
    </Manifest>
  </ItemGroup>
  <ItemGroup>
    <None Include="Resources\Fonts\myfile.spritefont">
      <Filter>Resources\Fonts</Filter>
    </None>
    <None Include="Resources\Fonts\SegoeUI_18.spritefont">
      <Filter>Resources\Fonts</Filter>
    </None>
    <None Include="Game\Shader\HLSL\Fade.hlsli">
      <Filter>Game\Shader\HLSL</Filter>
    </None>
    <None Include="Game\Shader\HLSL\Particle.hlsli">
      <Filter>Game\Shader\HLSL</Filter>
    </None>
  </ItemGroup>
  <ItemGroup>
    <FxCompile Include="Game\Shader\HLSL\FadeGS.hlsl">
      <Filter>Game\Shader\HLSL</Filter>
    </FxCompile>
    <FxCompile Include="Game\Shader\HLSL\FadePS.hlsl">
      <Filter>Game\Shader\HLSL</Filter>
    </FxCompile>
    <FxCompile Include="Game\Shader\HLSL\FadeVS.hlsl">
      <Filter>Game\Shader\HLSL</Filter>
    </FxCompile>
    <FxCompile Include="Game\Shader\HLSL\ParticleVS.hlsl">
      <Filter>Game\Shader\HLSL</Filter>
    </FxCompile>
    <FxCompile Include="Game\Shader\HLSL\ParticleGS.hlsl">
      <Filter>Game\Shader\HLSL</Filter>
    </FxCompile>
    <FxCompile Include="Game\Shader\HLSL\ParticlePS.hlsl">
      <Filter>Game\Shader\HLSL</Filter>
    </FxCompile>
  </ItemGroup>
</Project>